// !$*UTF8*$!
{
	archiveVersion = 1;
	classes = {
	};
	objectVersion = 55;
	objects = {

/* Begin PBXBuildFile section */
		AC0EFB20281A9FC10024906C /* HoneymoonApp.swift in Sources */ = {isa = PBXBuildFile; fileRef = AC0EFB1F281A9FC10024906C /* HoneymoonApp.swift */; };
		AC0EFB22281A9FC10024906C /* ContentView.swift in Sources */ = {isa = PBXBuildFile; fileRef = AC0EFB21281A9FC10024906C /* ContentView.swift */; };
		AC0EFB24281A9FC30024906C /* Assets.xcassets in Resources */ = {isa = PBXBuildFile; fileRef = AC0EFB23281A9FC30024906C /* Assets.xcassets */; };
		AC0EFB27281A9FC30024906C /* Preview Assets.xcassets in Resources */ = {isa = PBXBuildFile; fileRef = AC0EFB26281A9FC30024906C /* Preview Assets.xcassets */; };
		AC0EFB2E281AA1D40024906C /* Sounds in Resources */ = {isa = PBXBuildFile; fileRef = AC0EFB2D281AA1D40024906C /* Sounds */; };
		AC0EFB34281AA6B90024906C /* Launch Screen.storyboard in Resources */ = {isa = PBXBuildFile; fileRef = AC0EFB33281AA6B90024906C /* Launch Screen.storyboard */; };
		AC0EFB36281B38430024906C /* HoneymoonModel.swift in Sources */ = {isa = PBXBuildFile; fileRef = AC0EFB35281B38430024906C /* HoneymoonModel.swift */; };
		AC0EFB39281B39050024906C /* HoneymoonData.swift in Sources */ = {isa = PBXBuildFile; fileRef = AC0EFB38281B39050024906C /* HoneymoonData.swift */; };
		AC0EFB3D281B3A490024906C /* CardView.swift in Sources */ = {isa = PBXBuildFile; fileRef = AC0EFB3C281B3A490024906C /* CardView.swift */; };
		AC0EFB3F281BDAAD0024906C /* HeaderView.swift in Sources */ = {isa = PBXBuildFile; fileRef = AC0EFB3E281BDAAC0024906C /* HeaderView.swift */; };
		AC0EFB41281BE2810024906C /* FooterView.swift in Sources */ = {isa = PBXBuildFile; fileRef = AC0EFB40281BE2800024906C /* FooterView.swift */; };
		AC4DD2C1281BE601008E954C /* HeaderComponent.swift in Sources */ = {isa = PBXBuildFile; fileRef = AC4DD2C0281BE601008E954C /* HeaderComponent.swift */; };
		AC4DD2C3281BE689008E954C /* GuideComponent.swift in Sources */ = {isa = PBXBuildFile; fileRef = AC4DD2C2281BE689008E954C /* GuideComponent.swift */; };
		AC4DD2C5281BE98B008E954C /* GuideView.swift in Sources */ = {isa = PBXBuildFile; fileRef = AC4DD2C4281BE98B008E954C /* GuideView.swift */; };
		AC4DD2C7281C2B4C008E954C /* InfoView.swift in Sources */ = {isa = PBXBuildFile; fileRef = AC4DD2C6281C2B4C008E954C /* InfoView.swift */; };
		AC4DD2C9281C2C0E008E954C /* TitleModifier.swift in Sources */ = {isa = PBXBuildFile; fileRef = AC4DD2C8281C2C0E008E954C /* TitleModifier.swift */; };
		AC4DD2CC281C3448008E954C /* ButtonModifier.swift in Sources */ = {isa = PBXBuildFile; fileRef = AC4DD2CB281C3448008E954C /* ButtonModifier.swift */; };
		AC6DC7BD282150C300135FF6 /* SymbolModifier.swift in Sources */ = {isa = PBXBuildFile; fileRef = AC6DC7BC282150C300135FF6 /* SymbolModifier.swift */; };
		AC6DC7C02821A28C00135FF6 /* CardTransition.swift in Sources */ = {isa = PBXBuildFile; fileRef = AC6DC7BF2821A28C00135FF6 /* CardTransition.swift */; };
/* End PBXBuildFile section */

/* Begin PBXFileReference section */
		AC0EFB1C281A9FC10024906C /* Honeymoon.app */ = {isa = PBXFileReference; explicitFileType = wrapper.application; includeInIndex = 0; path = Honeymoon.app; sourceTree = BUILT_PRODUCTS_DIR; };
		AC0EFB1F281A9FC10024906C /* HoneymoonApp.swift */ = {isa = PBXFileReference; lastKnownFileType = sourcecode.swift; path = HoneymoonApp.swift; sourceTree = "<group>"; };
		AC0EFB21281A9FC10024906C /* ContentView.swift */ = {isa = PBXFileReference; lastKnownFileType = sourcecode.swift; path = ContentView.swift; sourceTree = "<group>"; };
		AC0EFB23281A9FC30024906C /* Assets.xcassets */ = {isa = PBXFileReference; lastKnownFileType = folder.assetcatalog; path = Assets.xcassets; sourceTree = "<group>"; };
		AC0EFB26281A9FC30024906C /* Preview Assets.xcassets */ = {isa = PBXFileReference; lastKnownFileType = folder.assetcatalog; path = "Preview Assets.xcassets"; sourceTree = "<group>"; };
		AC0EFB2D281AA1D40024906C /* Sounds */ = {isa = PBXFileReference; lastKnownFileType = folder; path = Sounds; sourceTree = "<group>"; };
		AC0EFB33281AA6B90024906C /* Launch Screen.storyboard */ = {isa = PBXFileReference; lastKnownFileType = file.storyboard; path = "Launch Screen.storyboard"; sourceTree = "<group>"; };
		AC0EFB35281B38430024906C /* HoneymoonModel.swift */ = {isa = PBXFileReference; lastKnownFileType = sourcecode.swift; path = HoneymoonModel.swift; sourceTree = "<group>"; };
		AC0EFB38281B39050024906C /* HoneymoonData.swift */ = {isa = PBXFileReference; lastKnownFileType = sourcecode.swift; path = HoneymoonData.swift; sourceTree = "<group>"; };
		AC0EFB3C281B3A490024906C /* CardView.swift */ = {isa = PBXFileReference; lastKnownFileType = sourcecode.swift; path = CardView.swift; sourceTree = "<group>"; };
		AC0EFB3E281BDAAC0024906C /* HeaderView.swift */ = {isa = PBXFileReference; lastKnownFileType = sourcecode.swift; path = HeaderView.swift; sourceTree = "<group>"; };
		AC0EFB40281BE2800024906C /* FooterView.swift */ = {isa = PBXFileReference; lastKnownFileType = sourcecode.swift; path = FooterView.swift; sourceTree = "<group>"; };
		AC4DD2C0281BE601008E954C /* HeaderComponent.swift */ = {isa = PBXFileReference; lastKnownFileType = sourcecode.swift; path = HeaderComponent.swift; sourceTree = "<group>"; };
		AC4DD2C2281BE689008E954C /* GuideComponent.swift */ = {isa = PBXFileReference; lastKnownFileType = sourcecode.swift; path = GuideComponent.swift; sourceTree = "<group>"; };
		AC4DD2C4281BE98B008E954C /* GuideView.swift */ = {isa = PBXFileReference; lastKnownFileType = sourcecode.swift; path = GuideView.swift; sourceTree = "<group>"; };
		AC4DD2C6281C2B4C008E954C /* InfoView.swift */ = {isa = PBXFileReference; lastKnownFileType = sourcecode.swift; path = InfoView.swift; sourceTree = "<group>"; };
		AC4DD2C8281C2C0E008E954C /* TitleModifier.swift */ = {isa = PBXFileReference; lastKnownFileType = sourcecode.swift; path = TitleModifier.swift; sourceTree = "<group>"; };
		AC4DD2CB281C3448008E954C /* ButtonModifier.swift */ = {isa = PBXFileReference; lastKnownFileType = sourcecode.swift; path = ButtonModifier.swift; sourceTree = "<group>"; };
		AC6DC7BC282150C300135FF6 /* SymbolModifier.swift */ = {isa = PBXFileReference; lastKnownFileType = sourcecode.swift; path = SymbolModifier.swift; sourceTree = "<group>"; };
		AC6DC7BF2821A28C00135FF6 /* CardTransition.swift */ = {isa = PBXFileReference; lastKnownFileType = sourcecode.swift; path = CardTransition.swift; sourceTree = "<group>"; };
/* End PBXFileReference section */

/* Begin PBXFrameworksBuildPhase section */
		AC0EFB19281A9FC10024906C /* Frameworks */ = {
			isa = PBXFrameworksBuildPhase;
			buildActionMask = 2147483647;
			files = (
			);
			runOnlyForDeploymentPostprocessing = 0;
		};
/* End PBXFrameworksBuildPhase section */

/* Begin PBXGroup section */
		AC0EFB13281A9FC10024906C = {
			isa = PBXGroup;
			children = (
				AC0EFB1E281A9FC10024906C /* Honeymoon */,
				AC0EFB1D281A9FC10024906C /* Products */,
			);
			sourceTree = "<group>";
		};
		AC0EFB1D281A9FC10024906C /* Products */ = {
			isa = PBXGroup;
			children = (
				AC0EFB1C281A9FC10024906C /* Honeymoon.app */,
			);
			name = Products;
			sourceTree = "<group>";
		};
		AC0EFB1E281A9FC10024906C /* Honeymoon */ = {
			isa = PBXGroup;
			children = (
				AC6DC7BE2821A27900135FF6 /* Extension */,
				AC4DD2CA281C2C7D008E954C /* Modifier */,
				AC0EFB42281BE53C0024906C /* Component */,
				AC0EFB3B281B39E90024906C /* View */,
				AC0EFB3A281B390B0024906C /* Data */,
				AC0EFB37281B38750024906C /* Model */,
				AC0EFB2D281AA1D40024906C /* Sounds */,
				AC0EFB1F281A9FC10024906C /* HoneymoonApp.swift */,
				AC0EFB23281A9FC30024906C /* Assets.xcassets */,
				AC0EFB25281A9FC30024906C /* Preview Content */,
				AC0EFB33281AA6B90024906C /* Launch Screen.storyboard */,
			);
			path = Honeymoon;
			sourceTree = "<group>";
		};
		AC0EFB25281A9FC30024906C /* Preview Content */ = {
			isa = PBXGroup;
			children = (
				AC0EFB26281A9FC30024906C /* Preview Assets.xcassets */,
			);
			path = "Preview Content";
			sourceTree = "<group>";
		};
		AC0EFB37281B38750024906C /* Model */ = {
			isa = PBXGroup;
			children = (
				AC0EFB35281B38430024906C /* HoneymoonModel.swift */,
			);
			path = Model;
			sourceTree = "<group>";
		};
		AC0EFB3A281B390B0024906C /* Data */ = {
			isa = PBXGroup;
			children = (
				AC0EFB38281B39050024906C /* HoneymoonData.swift */,
			);
			path = Data;
			sourceTree = "<group>";
		};
		AC0EFB3B281B39E90024906C /* View */ = {
			isa = PBXGroup;
			children = (
				AC0EFB21281A9FC10024906C /* ContentView.swift */,
				AC0EFB3C281B3A490024906C /* CardView.swift */,
				AC0EFB3E281BDAAC0024906C /* HeaderView.swift */,
				AC0EFB40281BE2800024906C /* FooterView.swift */,
				AC4DD2C4281BE98B008E954C /* GuideView.swift */,
				AC4DD2C6281C2B4C008E954C /* InfoView.swift */,
			);
			path = View;
			sourceTree = "<group>";
		};
		AC0EFB42281BE53C0024906C /* Component */ = {
			isa = PBXGroup;
			children = (
				AC4DD2C0281BE601008E954C /* HeaderComponent.swift */,
				AC4DD2C2281BE689008E954C /* GuideComponent.swift */,
			);
			path = Component;
			sourceTree = "<group>";
		};
		AC4DD2CA281C2C7D008E954C /* Modifier */ = {
			isa = PBXGroup;
			children = (
				AC4DD2C8281C2C0E008E954C /* TitleModifier.swift */,
				AC4DD2CB281C3448008E954C /* ButtonModifier.swift */,
				AC6DC7BC282150C300135FF6 /* SymbolModifier.swift */,
			);
			path = Modifier;
			sourceTree = "<group>";
		};
		AC6DC7BE2821A27900135FF6 /* Extension */ = {
			isa = PBXGroup;
			children = (
				AC6DC7BF2821A28C00135FF6 /* CardTransition.swift */,
			);
			path = Extension;
			sourceTree = "<group>";
		};
/* End PBXGroup section */

/* Begin PBXNativeTarget section */
		AC0EFB1B281A9FC10024906C /* Honeymoon */ = {
			isa = PBXNativeTarget;
			buildConfigurationList = AC0EFB2A281A9FC30024906C /* Build configuration list for PBXNativeTarget "Honeymoon" */;
			buildPhases = (
				AC0EFB18281A9FC10024906C /* Sources */,
				AC0EFB19281A9FC10024906C /* Frameworks */,
				AC0EFB1A281A9FC10024906C /* Resources */,
			);
			buildRules = (
			);
			dependencies = (
			);
			name = Honeymoon;
			productName = Honeymoon;
			productReference = AC0EFB1C281A9FC10024906C /* Honeymoon.app */;
			productType = "com.apple.product-type.application";
		};
/* End PBXNativeTarget section */

/* Begin PBXProject section */
		AC0EFB14281A9FC10024906C /* Project object */ = {
			isa = PBXProject;
			attributes = {
				BuildIndependentTargetsInParallel = 1;
				LastSwiftUpdateCheck = 1330;
				LastUpgradeCheck = 1330;
				TargetAttributes = {
					AC0EFB1B281A9FC10024906C = {
						CreatedOnToolsVersion = 13.3.1;
					};
				};
			};
			buildConfigurationList = AC0EFB17281A9FC10024906C /* Build configuration list for PBXProject "Honeymoon" */;
			compatibilityVersion = "Xcode 13.0";
			developmentRegion = en;
			hasScannedForEncodings = 0;
			knownRegions = (
				en,
				Base,
			);
			mainGroup = AC0EFB13281A9FC10024906C;
			productRefGroup = AC0EFB1D281A9FC10024906C /* Products */;
			projectDirPath = "";
			projectRoot = "";
			targets = (
				AC0EFB1B281A9FC10024906C /* Honeymoon */,
			);
		};
/* End PBXProject section */

/* Begin PBXResourcesBuildPhase section */
		AC0EFB1A281A9FC10024906C /* Resources */ = {
			isa = PBXResourcesBuildPhase;
			buildActionMask = 2147483647;
			files = (
				AC0EFB2E281AA1D40024906C /* Sounds in Resources */,
				AC0EFB27281A9FC30024906C /* Preview Assets.xcassets in Resources */,
				AC0EFB34281AA6B90024906C /* Launch Screen.storyboard in Resources */,
				AC0EFB24281A9FC30024906C /* Assets.xcassets in Resources */,
			);
			runOnlyForDeploymentPostprocessing = 0;
		};
/* End PBXResourcesBuildPhase section */

/* Begin PBXSourcesBuildPhase section */
		AC0EFB18281A9FC10024906C /* Sources */ = {
			isa = PBXSourcesBuildPhase;
			buildActionMask = 2147483647;
			files = (
				AC0EFB39281B39050024906C /* HoneymoonData.swift in Sources */,
				AC4DD2C7281C2B4C008E954C /* InfoView.swift in Sources */,
				AC0EFB41281BE2810024906C /* FooterView.swift in Sources */,
				AC4DD2C9281C2C0E008E954C /* TitleModifier.swift in Sources */,
				AC6DC7C02821A28C00135FF6 /* CardTransition.swift in Sources */,
				AC6DC7BD282150C300135FF6 /* SymbolModifier.swift in Sources */,
				AC0EFB3F281BDAAD0024906C /* HeaderView.swift in Sources */,
				AC0EFB36281B38430024906C /* HoneymoonModel.swift in Sources */,
				AC4DD2CC281C3448008E954C /* ButtonModifier.swift in Sources */,
				AC4DD2C1281BE601008E954C /* HeaderComponent.swift in Sources */,
				AC0EFB22281A9FC10024906C /* ContentView.swift in Sources */,
				AC0EFB20281A9FC10024906C /* HoneymoonApp.swift in Sources */,
				AC0EFB3D281B3A490024906C /* CardView.swift in Sources */,
				AC4DD2C3281BE689008E954C /* GuideComponent.swift in Sources */,
				AC4DD2C5281BE98B008E954C /* GuideView.swift in Sources */,
			);
			runOnlyForDeploymentPostprocessing = 0;
		};
/* End PBXSourcesBuildPhase section */

/* Begin XCBuildConfiguration section */
		AC0EFB28281A9FC30024906C /* Debug */ = {
			isa = XCBuildConfiguration;
			buildSettings = {
				ALWAYS_SEARCH_USER_PATHS = NO;
				CLANG_ANALYZER_NONNULL = YES;
				CLANG_ANALYZER_NUMBER_OBJECT_CONVERSION = YES_AGGRESSIVE;
				CLANG_CXX_LANGUAGE_STANDARD = "gnu++17";
				CLANG_ENABLE_MODULES = YES;
				CLANG_ENABLE_OBJC_ARC = YES;
				CLANG_ENABLE_OBJC_WEAK = YES;
				CLANG_WARN_BLOCK_CAPTURE_AUTORELEASING = YES;
				CLANG_WARN_BOOL_CONVERSION = YES;
				CLANG_WARN_COMMA = YES;
				CLANG_WARN_CONSTANT_CONVERSION = YES;
				CLANG_WARN_DEPRECATED_OBJC_IMPLEMENTATIONS = YES;
				CLANG_WARN_DIRECT_OBJC_ISA_USAGE = YES_ERROR;
				CLANG_WARN_DOCUMENTATION_COMMENTS = YES;
				CLANG_WARN_EMPTY_BODY = YES;
				CLANG_WARN_ENUM_CONVERSION = YES;
				CLANG_WARN_INFINITE_RECURSION = YES;
				CLANG_WARN_INT_CONVERSION = YES;
				CLANG_WARN_NON_LITERAL_NULL_CONVERSION = YES;
				CLANG_WARN_OBJC_IMPLICIT_RETAIN_SELF = YES;
				CLANG_WARN_OBJC_LITERAL_CONVERSION = YES;
				CLANG_WARN_OBJC_ROOT_CLASS = YES_ERROR;
				CLANG_WARN_QUOTED_INCLUDE_IN_FRAMEWORK_HEADER = YES;
				CLANG_WARN_RANGE_LOOP_ANALYSIS = YES;
				CLANG_WARN_STRICT_PROTOTYPES = YES;
				CLANG_WARN_SUSPICIOUS_MOVE = YES;
				CLANG_WARN_UNGUARDED_AVAILABILITY = YES_AGGRESSIVE;
				CLANG_WARN_UNREACHABLE_CODE = YES;
				CLANG_WARN__DUPLICATE_METHOD_MATCH = YES;
				COPY_PHASE_STRIP = NO;
				DEBUG_INFORMATION_FORMAT = dwarf;
				ENABLE_STRICT_OBJC_MSGSEND = YES;
				ENABLE_TESTABILITY = YES;
				GCC_C_LANGUAGE_STANDARD = gnu11;
				GCC_DYNAMIC_NO_PIC = NO;
				GCC_NO_COMMON_BLOCKS = YES;
				GCC_OPTIMIZATION_LEVEL = 0;
				GCC_PREPROCESSOR_DEFINITIONS = (
					"DEBUG=1",
					"$(inherited)",
				);
				GCC_WARN_64_TO_32_BIT_CONVERSION = YES;
				GCC_WARN_ABOUT_RETURN_TYPE = YES_ERROR;
				GCC_WARN_UNDECLARED_SELECTOR = YES;
				GCC_WARN_UNINITIALIZED_AUTOS = YES_AGGRESSIVE;
				GCC_WARN_UNUSED_FUNCTION = YES;
				GCC_WARN_UNUSED_VARIABLE = YES;
				IPHONEOS_DEPLOYMENT_TARGET = 15.4;
				MTL_ENABLE_DEBUG_INFO = INCLUDE_SOURCE;
				MTL_FAST_MATH = YES;
				ONLY_ACTIVE_ARCH = YES;
				SDKROOT = iphoneos;
				SWIFT_ACTIVE_COMPILATION_CONDITIONS = DEBUG;
				SWIFT_OPTIMIZATION_LEVEL = "-Onone";
			};
			name = Debug;
		};
		AC0EFB29281A9FC30024906C /* Release */ = {
			isa = XCBuildConfiguration;
			buildSettings = {
				ALWAYS_SEARCH_USER_PATHS = NO;
				CLANG_ANALYZER_NONNULL = YES;
				CLANG_ANALYZER_NUMBER_OBJECT_CONVERSION = YES_AGGRESSIVE;
				CLANG_CXX_LANGUAGE_STANDARD = "gnu++17";
				CLANG_ENABLE_MODULES = YES;
				CLANG_ENABLE_OBJC_ARC = YES;
				CLANG_ENABLE_OBJC_WEAK = YES;
				CLANG_WARN_BLOCK_CAPTURE_AUTORELEASING = YES;
				CLANG_WARN_BOOL_CONVERSION = YES;
				CLANG_WARN_COMMA = YES;
				CLANG_WARN_CONSTANT_CONVERSION = YES;
				CLANG_WARN_DEPRECATED_OBJC_IMPLEMENTATIONS = YES;
				CLANG_WARN_DIRECT_OBJC_ISA_USAGE = YES_ERROR;
				CLANG_WARN_DOCUMENTATION_COMMENTS = YES;
				CLANG_WARN_EMPTY_BODY = YES;
				CLANG_WARN_ENUM_CONVERSION = YES;
				CLANG_WARN_INFINITE_RECURSION = YES;
				CLANG_WARN_INT_CONVERSION = YES;
				CLANG_WARN_NON_LITERAL_NULL_CONVERSION = YES;
				CLANG_WARN_OBJC_IMPLICIT_RETAIN_SELF = YES;
				CLANG_WARN_OBJC_LITERAL_CONVERSION = YES;
				CLANG_WARN_OBJC_ROOT_CLASS = YES_ERROR;
				CLANG_WARN_QUOTED_INCLUDE_IN_FRAMEWORK_HEADER = YES;
				CLANG_WARN_RANGE_LOOP_ANALYSIS = YES;
				CLANG_WARN_STRICT_PROTOTYPES = YES;
				CLANG_WARN_SUSPICIOUS_MOVE = YES;
				CLANG_WARN_UNGUARDED_AVAILABILITY = YES_AGGRESSIVE;
				CLANG_WARN_UNREACHABLE_CODE = YES;
				CLANG_WARN__DUPLICATE_METHOD_MATCH = YES;
				COPY_PHASE_STRIP = NO;
				DEBUG_INFORMATION_FORMAT = "dwarf-with-dsym";
				ENABLE_NS_ASSERTIONS = NO;
				ENABLE_STRICT_OBJC_MSGSEND = YES;
				GCC_C_LANGUAGE_STANDARD = gnu11;
				GCC_NO_COMMON_BLOCKS = YES;
				GCC_WARN_64_TO_32_BIT_CONVERSION = YES;
				GCC_WARN_ABOUT_RETURN_TYPE = YES_ERROR;
				GCC_WARN_UNDECLARED_SELECTOR = YES;
				GCC_WARN_UNINITIALIZED_AUTOS = YES_AGGRESSIVE;
				GCC_WARN_UNUSED_FUNCTION = YES;
				GCC_WARN_UNUSED_VARIABLE = YES;
				IPHONEOS_DEPLOYMENT_TARGET = 15.4;
				MTL_ENABLE_DEBUG_INFO = NO;
				MTL_FAST_MATH = YES;
				SDKROOT = iphoneos;
				SWIFT_COMPILATION_MODE = wholemodule;
				SWIFT_OPTIMIZATION_LEVEL = "-O";
				VALIDATE_PRODUCT = YES;
			};
			name = Release;
		};
		AC0EFB2B281A9FC30024906C /* Debug */ = {
			isa = XCBuildConfiguration;
			buildSettings = {
				ASSETCATALOG_COMPILER_APPICON_NAME = AppIcon;
				ASSETCATALOG_COMPILER_GLOBAL_ACCENT_COLOR_NAME = AccentColor;
				CODE_SIGN_STYLE = Automatic;
				CURRENT_PROJECT_VERSION = 1;
				DEVELOPMENT_ASSET_PATHS = "\"Honeymoon/Preview Content\"";
				DEVELOPMENT_TEAM = NJWKSQXR8C;
				ENABLE_PREVIEWS = YES;
				GENERATE_INFOPLIST_FILE = YES;
				INFOPLIST_KEY_UIApplicationSceneManifest_Generation = YES;
				INFOPLIST_KEY_UIApplicationSupportsIndirectInputEvents = YES;
				INFOPLIST_KEY_UILaunchScreen_Generation = YES;
				INFOPLIST_KEY_UILaunchStoryboardName = "Launch Screen";
				INFOPLIST_KEY_UISupportedInterfaceOrientations = UIInterfaceOrientationPortrait;
				INFOPLIST_KEY_UISupportedInterfaceOrientations_iPad = "UIInterfaceOrientationPortrait UIInterfaceOrientationPortraitUpsideDown UIInterfaceOrientationLandscapeLeft UIInterfaceOrientationLandscapeRight";
				INFOPLIST_KEY_UISupportedInterfaceOrientations_iPhone = "UIInterfaceOrientationPortrait UIInterfaceOrientationLandscapeLeft UIInterfaceOrientationLandscapeRight";
				LD_RUNPATH_SEARCH_PATHS = (
					"$(inherited)",
					"@executable_path/Frameworks",
				);
				MARKETING_VERSION = 1.0;
				PRODUCT_BUNDLE_IDENTIFIER = "Alexandre-Narek.Honeymoon";
				PRODUCT_NAME = "$(TARGET_NAME)";
				SWIFT_EMIT_LOC_STRINGS = YES;
				SWIFT_VERSION = 5.0;
				TARGETED_DEVICE_FAMILY = "1,2";
			};
			name = Debug;
		};
		AC0EFB2C281A9FC30024906C /* Release */ = {
			isa = XCBuildConfiguration;
			buildSettings = {
				ASSETCATALOG_COMPILER_APPICON_NAME = AppIcon;
				ASSETCATALOG_COMPILER_GLOBAL_ACCENT_COLOR_NAME = AccentColor;
				CODE_SIGN_STYLE = Automatic;
				CURRENT_PROJECT_VERSION = 1;
				DEVELOPMENT_ASSET_PATHS = "\"Honeymoon/Preview Content\"";
				DEVELOPMENT_TEAM = NJWKSQXR8C;
				ENABLE_PREVIEWS = YES;
				GENERATE_INFOPLIST_FILE = YES;
				INFOPLIST_KEY_UIApplicationSceneManifest_Generation = YES;
				INFOPLIST_KEY_UIApplicationSupportsIndirectInputEvents = YES;
				INFOPLIST_KEY_UILaunchScreen_Generation = YES;
				INFOPLIST_KEY_UILaunchStoryboardName = "Launch Screen";
				INFOPLIST_KEY_UISupportedInterfaceOrientations = UIInterfaceOrientationPortrait;
				INFOPLIST_KEY_UISupportedInterfaceOrientations_iPad = "UIInterfaceOrientationPortrait UIInterfaceOrientationPortraitUpsideDown UIInterfaceOrientationLandscapeLeft UIInterfaceOrientationLandscapeRight";
				INFOPLIST_KEY_UISupportedInterfaceOrientations_iPhone = "UIInterfaceOrientationPortrait UIInterfaceOrientationLandscapeLeft UIInterfaceOrientationLandscapeRight";
				LD_RUNPATH_SEARCH_PATHS = (
					"$(inherited)",
					"@executable_path/Frameworks",
				);
				MARKETING_VERSION = 1.0;
				PRODUCT_BUNDLE_IDENTIFIER = "Alexandre-Narek.Honeymoon";
				PRODUCT_NAME = "$(TARGET_NAME)";
				SWIFT_EMIT_LOC_STRINGS = YES;
				SWIFT_VERSION = 5.0;
				TARGETED_DEVICE_FAMILY = "1,2";
			};
			name = Release;
		};
/* End XCBuildConfiguration section */

/* Begin XCConfigurationList section */
		AC0EFB17281A9FC10024906C /* Build configuration list for PBXProject "Honeymoon" */ = {
			isa = XCConfigurationList;
			buildConfigurations = (
				AC0EFB28281A9FC30024906C /* Debug */,
				AC0EFB29281A9FC30024906C /* Release */,
			);
			defaultConfigurationIsVisible = 0;
			defaultConfigurationName = Release;
		};
		AC0EFB2A281A9FC30024906C /* Build configuration list for PBXNativeTarget "Honeymoon" */ = {
			isa = XCConfigurationList;
			buildConfigurations = (
				AC0EFB2B281A9FC30024906C /* Debug */,
				AC0EFB2C281A9FC30024906C /* Release */,
			);
			defaultConfigurationIsVisible = 0;
			defaultConfigurationName = Release;
		};
/* End XCConfigurationList section */
	};
	rootObject = AC0EFB14281A9FC10024906C /* Project object */;
}
